
Microsoft Visual Studio Solution File, Format Version 12.00
# Visual Studio Version 16
VisualStudioVersion = 16.0.30611.23
MinimumVisualStudioVersion = 10.0.40219.1
Project("{F184B08F-C81C-45F6-A57F-5ABD9991F28F}") = "dataTypeExercises", "dataTypeExercises\dataTypeExercises.vbproj", "{6DC9D8EE-1567-4314-AC42-4680F61FEDAB}"
EndProject
Global
	GlobalSection(SolutionConfigurationPlatforms) = preSolution
		Debug|Any CPU = Debug|Any CPU
		Release|Any CPU = Release|Any CPU
	EndGlobalSection
	GlobalSection(ProjectConfigurationPlatforms) = postSolution
		{6DC9D8EE-1567-4314-AC42-4680F61FEDAB}.Debug|Any CPU.ActiveCfg = Debug|Any CPU
		{6DC9D8EE-1567-4314-AC42-4680F61FEDAB}.Debug|Any CPU.Build.0 = Debug|Any CPU
		{6DC9D8EE-1567-4314-AC42-4680F61FEDAB}.Release|Any CPU.ActiveCfg = Release|Any CPU
		{6DC9D8EE-1567-4314-AC42-4680F61FEDAB}.Release|Any CPU.Build.0 = Release|Any CPU
	EndGlobalSection
	GlobalSection(SolutionProperties) = preSolution
		HideSolutionNode = FALSE
	EndGlobalSection
	GlobalSection(ExtensibilityGlobals) = postSolution
		SolutionGuid = {DFF73168-120D-4297-844A-4CDC9D998788}
	EndGlobalSection
EndGlobal
